
Microsoft Visual Studio Solution File, Format Version 12.00
# Visual Studio Version 17
VisualStudioVersion = 17.2.32616.157
MinimumVisualStudioVersion = 10.0.40219.1
Project("{9A19103F-16F7-4668-BE54-9A1E7A4F7556}") = "Tabuada", "Tabuada\Tabuada.csproj", "{7E82007D-29D3-42CC-9E68-3A608C9D1BF7}"
EndProject
Global
	GlobalSection(SolutionConfigurationPlatforms) = preSolution
		Debug|Any CPU = Debug|Any CPU
		Release|Any CPU = Release|Any CPU
	EndGlobalSection
	GlobalSection(ProjectConfigurationPlatforms) = postSolution
		{7E82007D-29D3-42CC-9E68-3A608C9D1BF7}.Debug|Any CPU.ActiveCfg = Debug|Any CPU
		{7E82007D-29D3-42CC-9E68-3A608C9D1BF7}.Debug|Any CPU.Build.0 = Debug|Any CPU
		{7E82007D-29D3-42CC-9E68-3A608C9D1BF7}.Release|Any CPU.ActiveCfg = Release|Any CPU
		{7E82007D-29D3-42CC-9E68-3A608C9D1BF7}.Release|Any CPU.Build.0 = Release|Any CPU
	EndGlobalSection
	GlobalSection(SolutionProperties) = preSolution
		HideSolutionNode = FALSE
	EndGlobalSection
	GlobalSection(ExtensibilityGlobals) = postSolution
		SolutionGuid = {C8D60703-4ED7-4003-AC5A-F60890517FF9}
	EndGlobalSection
EndGlobal
